// !$*UTF8*$!
{
	archiveVersion = 1;
	classes = {
	};
	objectVersion = 50;
	objects = {

/* Begin PBXBuildFile section */
		9DC87BF1224F1A1A003DDE9F /* AppDelegate.swift in Sources */ = {isa = PBXBuildFile; fileRef = 9DC87BF0224F1A1A003DDE9F /* AppDelegate.swift */; };
		9DC87BF3224F1A1A003DDE9F /* CollectionsViewController.swift in Sources */ = {isa = PBXBuildFile; fileRef = 9DC87BF2224F1A1A003DDE9F /* CollectionsViewController.swift */; };
		9DC87BF6224F1A1A003DDE9F /* Main.storyboard in Resources */ = {isa = PBXBuildFile; fileRef = 9DC87BF4224F1A1A003DDE9F /* Main.storyboard */; };
		9DC87BF8224F1A1C003DDE9F /* Assets.xcassets in Resources */ = {isa = PBXBuildFile; fileRef = 9DC87BF7224F1A1C003DDE9F /* Assets.xcassets */; };
		9DC87BFB224F1A1C003DDE9F /* LaunchScreen.storyboard in Resources */ = {isa = PBXBuildFile; fileRef = 9DC87BF9224F1A1C003DDE9F /* LaunchScreen.storyboard */; };
		9DC87C03224F2974003DDE9F /* NetworkRequest.swift in Sources */ = {isa = PBXBuildFile; fileRef = 9DC87C02224F2974003DDE9F /* NetworkRequest.swift */; };
		9DC87C0B224F3293003DDE9F /* Collections.swift in Sources */ = {isa = PBXBuildFile; fileRef = 9DC87C0A224F3293003DDE9F /* Collections.swift */; };
		9DC87C0D224F70F6003DDE9F /* CollectionTableViewCell.swift in Sources */ = {isa = PBXBuildFile; fileRef = 9DC87C0C224F70F6003DDE9F /* CollectionTableViewCell.swift */; };
		9DC87C0F224F7BD9003DDE9F /* ProductTableViewCell.swift in Sources */ = {isa = PBXBuildFile; fileRef = 9DC87C0E224F7BD9003DDE9F /* ProductTableViewCell.swift */; };
		9DC87C11224F7BF1003DDE9F /* Products.swift in Sources */ = {isa = PBXBuildFile; fileRef = 9DC87C10224F7BF1003DDE9F /* Products.swift */; };
		9DC87C13224F7E19003DDE9F /* CollectionDetailsViewController.swift in Sources */ = {isa = PBXBuildFile; fileRef = 9DC87C12224F7E19003DDE9F /* CollectionDetailsViewController.swift */; };
		9DC87C152250A937003DDE9F /* ProductDetail.swift in Sources */ = {isa = PBXBuildFile; fileRef = 9DC87C142250A937003DDE9F /* ProductDetail.swift */; };
		9DC87C172250AB2A003DDE9F /* ArrayExtension.swift in Sources */ = {isa = PBXBuildFile; fileRef = 9DC87C162250AB2A003DDE9F /* ArrayExtension.swift */; };
		9DC87C1C2252D210003DDE9F /* VCExtension.swift in Sources */ = {isa = PBXBuildFile; fileRef = 9DC87C1B2252D210003DDE9F /* VCExtension.swift */; };
		DAB4C4B4ACFFD2E88928589C /* Pods_Shopify.framework in Frameworks */ = {isa = PBXBuildFile; fileRef = 1C02B5299B8F6B14859B67EC /* Pods_Shopify.framework */; };
/* End PBXBuildFile section */

/* Begin PBXFileReference section */
		1C02B5299B8F6B14859B67EC /* Pods_Shopify.framework */ = {isa = PBXFileReference; explicitFileType = wrapper.framework; includeInIndex = 0; path = Pods_Shopify.framework; sourceTree = BUILT_PRODUCTS_DIR; };
		65C6AFC905557FC8ED01778F /* Pods-Shopify.debug.xcconfig */ = {isa = PBXFileReference; includeInIndex = 1; lastKnownFileType = text.xcconfig; name = "Pods-Shopify.debug.xcconfig"; path = "Pods/Target Support Files/Pods-Shopify/Pods-Shopify.debug.xcconfig"; sourceTree = "<group>"; };
		9DC87BED224F1A1A003DDE9F /* Shopify.app */ = {isa = PBXFileReference; explicitFileType = wrapper.application; includeInIndex = 0; path = Shopify.app; sourceTree = BUILT_PRODUCTS_DIR; };
		9DC87BF0224F1A1A003DDE9F /* AppDelegate.swift */ = {isa = PBXFileReference; lastKnownFileType = sourcecode.swift; path = AppDelegate.swift; sourceTree = "<group>"; };
		9DC87BF2224F1A1A003DDE9F /* CollectionsViewController.swift */ = {isa = PBXFileReference; lastKnownFileType = sourcecode.swift; path = CollectionsViewController.swift; sourceTree = "<group>"; };
		9DC87BF5224F1A1A003DDE9F /* Base */ = {isa = PBXFileReference; lastKnownFileType = file.storyboard; name = Base; path = Base.lproj/Main.storyboard; sourceTree = "<group>"; };
		9DC87BF7224F1A1C003DDE9F /* Assets.xcassets */ = {isa = PBXFileReference; lastKnownFileType = folder.assetcatalog; path = Assets.xcassets; sourceTree = "<group>"; };
		9DC87BFA224F1A1C003DDE9F /* Base */ = {isa = PBXFileReference; lastKnownFileType = file.storyboard; name = Base; path = Base.lproj/LaunchScreen.storyboard; sourceTree = "<group>"; };
		9DC87BFC224F1A1C003DDE9F /* Info.plist */ = {isa = PBXFileReference; lastKnownFileType = text.plist.xml; path = Info.plist; sourceTree = "<group>"; };
		9DC87C02224F2974003DDE9F /* NetworkRequest.swift */ = {isa = PBXFileReference; lastKnownFileType = sourcecode.swift; path = NetworkRequest.swift; sourceTree = "<group>"; };
		9DC87C0A224F3293003DDE9F /* Collections.swift */ = {isa = PBXFileReference; lastKnownFileType = sourcecode.swift; path = Collections.swift; sourceTree = "<group>"; };
		9DC87C0C224F70F6003DDE9F /* CollectionTableViewCell.swift */ = {isa = PBXFileReference; lastKnownFileType = sourcecode.swift; path = CollectionTableViewCell.swift; sourceTree = "<group>"; };
		9DC87C0E224F7BD9003DDE9F /* ProductTableViewCell.swift */ = {isa = PBXFileReference; lastKnownFileType = sourcecode.swift; path = ProductTableViewCell.swift; sourceTree = "<group>"; };
		9DC87C10224F7BF1003DDE9F /* Products.swift */ = {isa = PBXFileReference; lastKnownFileType = sourcecode.swift; path = Products.swift; sourceTree = "<group>"; };
		9DC87C12224F7E19003DDE9F /* CollectionDetailsViewController.swift */ = {isa = PBXFileReference; lastKnownFileType = sourcecode.swift; path = CollectionDetailsViewController.swift; sourceTree = "<group>"; };
		9DC87C142250A937003DDE9F /* ProductDetail.swift */ = {isa = PBXFileReference; lastKnownFileType = sourcecode.swift; path = ProductDetail.swift; sourceTree = "<group>"; };
		9DC87C162250AB2A003DDE9F /* ArrayExtension.swift */ = {isa = PBXFileReference; lastKnownFileType = sourcecode.swift; path = ArrayExtension.swift; sourceTree = "<group>"; };
		9DC87C1B2252D210003DDE9F /* VCExtension.swift */ = {isa = PBXFileReference; lastKnownFileType = sourcecode.swift; path = VCExtension.swift; sourceTree = "<group>"; };
		DAC1DBEDD91413FBF8D80402 /* Pods-Shopify.release.xcconfig */ = {isa = PBXFileReference; includeInIndex = 1; lastKnownFileType = text.xcconfig; name = "Pods-Shopify.release.xcconfig"; path = "Pods/Target Support Files/Pods-Shopify/Pods-Shopify.release.xcconfig"; sourceTree = "<group>"; };
/* End PBXFileReference section */

/* Begin PBXFrameworksBuildPhase section */
		9DC87BEA224F1A1A003DDE9F /* Frameworks */ = {
			isa = PBXFrameworksBuildPhase;
			buildActionMask = 2147483647;
			files = (
				DAB4C4B4ACFFD2E88928589C /* Pods_Shopify.framework in Frameworks */,
			);
			runOnlyForDeploymentPostprocessing = 0;
		};
/* End PBXFrameworksBuildPhase section */

/* Begin PBXGroup section */
		2177C9D3AB7EEB52DCE0938E /* Frameworks */ = {
			isa = PBXGroup;
			children = (
				1C02B5299B8F6B14859B67EC /* Pods_Shopify.framework */,
			);
			name = Frameworks;
			sourceTree = "<group>";
		};
		9DC87BE4224F1A1A003DDE9F = {
			isa = PBXGroup;
			children = (
				9DC87BEF224F1A1A003DDE9F /* Shopify */,
				9DC87BEE224F1A1A003DDE9F /* Products */,
				DFE29A75AEC14CAAE99BE318 /* Pods */,
				2177C9D3AB7EEB52DCE0938E /* Frameworks */,
			);
			sourceTree = "<group>";
		};
		9DC87BEE224F1A1A003DDE9F /* Products */ = {
			isa = PBXGroup;
			children = (
				9DC87BED224F1A1A003DDE9F /* Shopify.app */,
			);
			name = Products;
			sourceTree = "<group>";
		};
		9DC87BEF224F1A1A003DDE9F /* Shopify */ = {
			isa = PBXGroup;
			children = (
				9DC87BF0224F1A1A003DDE9F /* AppDelegate.swift */,
				9DC87C182250AB32003DDE9F /* Extension */,
				9DC87C09224F3272003DDE9F /* Networking */,
				9DC87C06224F321F003DDE9F /* Controller */,
				9DC87C05224F320E003DDE9F /* View */,
				9DC87C04224F3200003DDE9F /* Model */,
				9DC87BF4224F1A1A003DDE9F /* Main.storyboard */,
				9DC87BF7224F1A1C003DDE9F /* Assets.xcassets */,
				9DC87BF9224F1A1C003DDE9F /* LaunchScreen.storyboard */,
				9DC87BFC224F1A1C003DDE9F /* Info.plist */,
			);
			path = Shopify;
			sourceTree = "<group>";
		};
		9DC87C04224F3200003DDE9F /* Model */ = {
			isa = PBXGroup;
			children = (
				9DC87C0A224F3293003DDE9F /* Collections.swift */,
				9DC87C10224F7BF1003DDE9F /* Products.swift */,
				9DC87C142250A937003DDE9F /* ProductDetail.swift */,
			);
			path = Model;
			sourceTree = "<group>";
		};
		9DC87C05224F320E003DDE9F /* View */ = {
			isa = PBXGroup;
			children = (
				9DC87C0C224F70F6003DDE9F /* CollectionTableViewCell.swift */,
				9DC87C0E224F7BD9003DDE9F /* ProductTableViewCell.swift */,
			);
			path = View;
			sourceTree = "<group>";
		};
		9DC87C06224F321F003DDE9F /* Controller */ = {
			isa = PBXGroup;
			children = (
				9DC87BF2224F1A1A003DDE9F /* CollectionsViewController.swift */,
				9DC87C12224F7E19003DDE9F /* CollectionDetailsViewController.swift */,
			);
			path = Controller;
			sourceTree = "<group>";
		};
		9DC87C09224F3272003DDE9F /* Networking */ = {
			isa = PBXGroup;
			children = (
				9DC87C02224F2974003DDE9F /* NetworkRequest.swift */,
			);
			path = Networking;
			sourceTree = "<group>";
		};
		9DC87C182250AB32003DDE9F /* Extension */ = {
			isa = PBXGroup;
			children = (
				9DC87C162250AB2A003DDE9F /* ArrayExtension.swift */,
				9DC87C1B2252D210003DDE9F /* VCExtension.swift */,
			);
			path = Extension;
			sourceTree = "<group>";
		};
		DFE29A75AEC14CAAE99BE318 /* Pods */ = {
			isa = PBXGroup;
			children = (
				65C6AFC905557FC8ED01778F /* Pods-Shopify.debug.xcconfig */,
				DAC1DBEDD91413FBF8D80402 /* Pods-Shopify.release.xcconfig */,
			);
			name = Pods;
			sourceTree = "<group>";
		};
/* End PBXGroup section */

/* Begin PBXNativeTarget section */
		9DC87BEC224F1A1A003DDE9F /* Shopify */ = {
			isa = PBXNativeTarget;
			buildConfigurationList = 9DC87BFF224F1A1C003DDE9F /* Build configuration list for PBXNativeTarget "Shopify" */;
			buildPhases = (
				0E5708AA9958A612ABA4E571 /* [CP] Check Pods Manifest.lock */,
				9DC87BE9224F1A1A003DDE9F /* Sources */,
				9DC87BEA224F1A1A003DDE9F /* Frameworks */,
				9DC87BEB224F1A1A003DDE9F /* Resources */,
				294610EFC7452DCEEEB87E64 /* [CP] Embed Pods Frameworks */,
			);
			buildRules = (
			);
			dependencies = (
			);
			name = Shopify;
			productName = Shopify;
			productReference = 9DC87BED224F1A1A003DDE9F /* Shopify.app */;
			productType = "com.apple.product-type.application";
		};
/* End PBXNativeTarget section */

/* Begin PBXProject section */
		9DC87BE5224F1A1A003DDE9F /* Project object */ = {
			isa = PBXProject;
			attributes = {
				LastSwiftUpdateCheck = 1010;
				LastUpgradeCheck = 1010;
				ORGANIZATIONNAME = ruhsane;
				TargetAttributes = {
					9DC87BEC224F1A1A003DDE9F = {
						CreatedOnToolsVersion = 10.1;
					};
				};
			};
			buildConfigurationList = 9DC87BE8224F1A1A003DDE9F /* Build configuration list for PBXProject "Shopify" */;
			compatibilityVersion = "Xcode 9.3";
			developmentRegion = en;
			hasScannedForEncodings = 0;
			knownRegions = (
				en,
				Base,
			);
			mainGroup = 9DC87BE4224F1A1A003DDE9F;
			productRefGroup = 9DC87BEE224F1A1A003DDE9F /* Products */;
			projectDirPath = "";
			projectRoot = "";
			targets = (
				9DC87BEC224F1A1A003DDE9F /* Shopify */,
			);
		};
/* End PBXProject section */

/* Begin PBXResourcesBuildPhase section */
		9DC87BEB224F1A1A003DDE9F /* Resources */ = {
			isa = PBXResourcesBuildPhase;
			buildActionMask = 2147483647;
			files = (
				9DC87BFB224F1A1C003DDE9F /* LaunchScreen.storyboard in Resources */,
				9DC87BF8224F1A1C003DDE9F /* Assets.xcassets in Resources */,
				9DC87BF6224F1A1A003DDE9F /* Main.storyboard in Resources */,
			);
			runOnlyForDeploymentPostprocessing = 0;
		};
/* End PBXResourcesBuildPhase section */

/* Begin PBXShellScriptBuildPhase section */
		0E5708AA9958A612ABA4E571 /* [CP] Check Pods Manifest.lock */ = {
			isa = PBXShellScriptBuildPhase;
			buildActionMask = 2147483647;
			files = (
			);
			inputPaths = (
				"${PODS_PODFILE_DIR_PATH}/Podfile.lock",
				"${PODS_ROOT}/Manifest.lock",
			);
			name = "[CP] Check Pods Manifest.lock";
			outputPaths = (
				"$(DERIVED_FILE_DIR)/Pods-Shopify-checkManifestLockResult.txt",
			);
			runOnlyForDeploymentPostprocessing = 0;
			shellPath = /bin/sh;
			shellScript = "diff \"${PODS_PODFILE_DIR_PATH}/Podfile.lock\" \"${PODS_ROOT}/Manifest.lock\" > /dev/null\nif [ $? != 0 ] ; then\n    # print error to STDERR\n    echo \"error: The sandbox is not in sync with the Podfile.lock. Run 'pod install' or update your CocoaPods installation.\" >&2\n    exit 1\nfi\n# This output is used by Xcode 'outputs' to avoid re-running this script phase.\necho \"SUCCESS\" > \"${SCRIPT_OUTPUT_FILE_0}\"\n";
			showEnvVarsInLog = 0;
		};
		294610EFC7452DCEEEB87E64 /* [CP] Embed Pods Frameworks */ = {
			isa = PBXShellScriptBuildPhase;
			buildActionMask = 2147483647;
			files = (
			);
			inputPaths = (
				"${SRCROOT}/Pods/Target Support Files/Pods-Shopify/Pods-Shopify-frameworks.sh",
				"${BUILT_PRODUCTS_DIR}/Alamofire/Alamofire.framework",
			);
			name = "[CP] Embed Pods Frameworks";
			outputPaths = (
				"${TARGET_BUILD_DIR}/${FRAMEWORKS_FOLDER_PATH}/Alamofire.framework",
			);
			runOnlyForDeploymentPostprocessing = 0;
			shellPath = /bin/sh;
			shellScript = "\"${SRCROOT}/Pods/Target Support Files/Pods-Shopify/Pods-Shopify-frameworks.sh\"\n";
			showEnvVarsInLog = 0;
		};
/* End PBXShellScriptBuildPhase section */

/* Begin PBXSourcesBuildPhase section */
		9DC87BE9224F1A1A003DDE9F /* Sources */ = {
			isa = PBXSourcesBuildPhase;
			buildActionMask = 2147483647;
			files = (
				9DC87C0D224F70F6003DDE9F /* CollectionTableViewCell.swift in Sources */,
				9DC87C13224F7E19003DDE9F /* CollectionDetailsViewController.swift in Sources */,
				9DC87C1C2252D210003DDE9F /* VCExtension.swift in Sources */,
				9DC87C152250A937003DDE9F /* ProductDetail.swift in Sources */,
				9DC87BF3224F1A1A003DDE9F /* CollectionsViewController.swift in Sources */,
				9DC87C03224F2974003DDE9F /* NetworkRequest.swift in Sources */,
				9DC87C172250AB2A003DDE9F /* ArrayExtension.swift in Sources */,
				9DC87C11224F7BF1003DDE9F /* Products.swift in Sources */,
				9DC87BF1224F1A1A003DDE9F /* AppDelegate.swift in Sources */,
				9DC87C0B224F3293003DDE9F /* Collections.swift in Sources */,
				9DC87C0F224F7BD9003DDE9F /* ProductTableViewCell.swift in Sources */,
			);
			runOnlyForDeploymentPostprocessing = 0;
		};
/* End PBXSourcesBuildPhase section */

/* Begin PBXVariantGroup section */
		9DC87BF4224F1A1A003DDE9F /* Main.storyboard */ = {
			isa = PBXVariantGroup;
			children = (
				9DC87BF5224F1A1A003DDE9F /* Base */,
			);
			name = Main.storyboard;
			sourceTree = "<group>";
		};
		9DC87BF9224F1A1C003DDE9F /* LaunchScreen.storyboard */ = {
			isa = PBXVariantGroup;
			children = (
				9DC87BFA224F1A1C003DDE9F /* Base */,
			);
			name = LaunchScreen.storyboard;
			sourceTree = "<group>";
		};
/* End PBXVariantGroup section */

/* Begin XCBuildConfiguration section */
		9DC87BFD224F1A1C003DDE9F /* Debug */ = {
			isa = XCBuildConfiguration;
			buildSettings = {
				ALWAYS_SEARCH_USER_PATHS = NO;
				CLANG_ANALYZER_NONNULL = YES;
				CLANG_ANALYZER_NUMBER_OBJECT_CONVERSION = YES_AGGRESSIVE;
				CLANG_CXX_LANGUAGE_STANDARD = "gnu++14";
				CLANG_CXX_LIBRARY = "libc++";
				CLANG_ENABLE_MODULES = YES;
				CLANG_ENABLE_OBJC_ARC = YES;
				CLANG_ENABLE_OBJC_WEAK = YES;
				CLANG_WARN_BLOCK_CAPTURE_AUTORELEASING = YES;
				CLANG_WARN_BOOL_CONVERSION = YES;
				CLANG_WARN_COMMA = YES;
				CLANG_WARN_CONSTANT_CONVERSION = YES;
				CLANG_WARN_DEPRECATED_OBJC_IMPLEMENTATIONS = YES;
				CLANG_WARN_DIRECT_OBJC_ISA_USAGE = YES_ERROR;
				CLANG_WARN_DOCUMENTATION_COMMENTS = YES;
				CLANG_WARN_EMPTY_BODY = YES;
				CLANG_WARN_ENUM_CONVERSION = YES;
				CLANG_WARN_INFINITE_RECURSION = YES;
				CLANG_WARN_INT_CONVERSION = YES;
				CLANG_WARN_NON_LITERAL_NULL_CONVERSION = YES;
				CLANG_WARN_OBJC_IMPLICIT_RETAIN_SELF = YES;
				CLANG_WARN_OBJC_LITERAL_CONVERSION = YES;
				CLANG_WARN_OBJC_ROOT_CLASS = YES_ERROR;
				CLANG_WARN_RANGE_LOOP_ANALYSIS = YES;
				CLANG_WARN_STRICT_PROTOTYPES = YES;
				CLANG_WARN_SUSPICIOUS_MOVE = YES;
				CLANG_WARN_UNGUARDED_AVAILABILITY = YES_AGGRESSIVE;
				CLANG_WARN_UNREACHABLE_CODE = YES;
				CLANG_WARN__DUPLICATE_METHOD_MATCH = YES;
				CODE_SIGN_IDENTITY = "iPhone Developer";
				COPY_PHASE_STRIP = NO;
				DEBUG_INFORMATION_FORMAT = dwarf;
				ENABLE_STRICT_OBJC_MSGSEND = YES;
				ENABLE_TESTABILITY = YES;
				GCC_C_LANGUAGE_STANDARD = gnu11;
				GCC_DYNAMIC_NO_PIC = NO;
				GCC_NO_COMMON_BLOCKS = YES;
				GCC_OPTIMIZATION_LEVEL = 0;
				GCC_PREPROCESSOR_DEFINITIONS = (
					"DEBUG=1",
					"$(inherited)",
				);
				GCC_WARN_64_TO_32_BIT_CONVERSION = YES;
				GCC_WARN_ABOUT_RETURN_TYPE = YES_ERROR;
				GCC_WARN_UNDECLARED_SELECTOR = YES;
				GCC_WARN_UNINITIALIZED_AUTOS = YES_AGGRESSIVE;
				GCC_WARN_UNUSED_FUNCTION = YES;
				GCC_WARN_UNUSED_VARIABLE = YES;
				IPHONEOS_DEPLOYMENT_TARGET = 12.1;
				MTL_ENABLE_DEBUG_INFO = INCLUDE_SOURCE;
				MTL_FAST_MATH = YES;
				ONLY_ACTIVE_ARCH = YES;
				SDKROOT = iphoneos;
				SWIFT_ACTIVE_COMPILATION_CONDITIONS = DEBUG;
				SWIFT_OPTIMIZATION_LEVEL = "-Onone";
			};
			name = Debug;
		};
		9DC87BFE224F1A1C003DDE9F /* Release */ = {
			isa = XCBuildConfiguration;
			buildSettings = {
				ALWAYS_SEARCH_USER_PATHS = NO;
				CLANG_ANALYZER_NONNULL = YES;
				CLANG_ANALYZER_NUMBER_OBJECT_CONVERSION = YES_AGGRESSIVE;
				CLANG_CXX_LANGUAGE_STANDARD = "gnu++14";
				CLANG_CXX_LIBRARY = "libc++";
				CLANG_ENABLE_MODULES = YES;
				CLANG_ENABLE_OBJC_ARC = YES;
				CLANG_ENABLE_OBJC_WEAK = YES;
				CLANG_WARN_BLOCK_CAPTURE_AUTORELEASING = YES;
				CLANG_WARN_BOOL_CONVERSION = YES;
				CLANG_WARN_COMMA = YES;
				CLANG_WARN_CONSTANT_CONVERSION = YES;
				CLANG_WARN_DEPRECATED_OBJC_IMPLEMENTATIONS = YES;
				CLANG_WARN_DIRECT_OBJC_ISA_USAGE = YES_ERROR;
				CLANG_WARN_DOCUMENTATION_COMMENTS = YES;
				CLANG_WARN_EMPTY_BODY = YES;
				CLANG_WARN_ENUM_CONVERSION = YES;
				CLANG_WARN_INFINITE_RECURSION = YES;
				CLANG_WARN_INT_CONVERSION = YES;
				CLANG_WARN_NON_LITERAL_NULL_CONVERSION = YES;
				CLANG_WARN_OBJC_IMPLICIT_RETAIN_SELF = YES;
				CLANG_WARN_OBJC_LITERAL_CONVERSION = YES;
				CLANG_WARN_OBJC_ROOT_CLASS = YES_ERROR;
				CLANG_WARN_RANGE_LOOP_ANALYSIS = YES;
				CLANG_WARN_STRICT_PROTOTYPES = YES;
				CLANG_WARN_SUSPICIOUS_MOVE = YES;
				CLANG_WARN_UNGUARDED_AVAILABILITY = YES_AGGRESSIVE;
				CLANG_WARN_UNREACHABLE_CODE = YES;
				CLANG_WARN__DUPLICATE_METHOD_MATCH = YES;
				CODE_SIGN_IDENTITY = "iPhone Developer";
				COPY_PHASE_STRIP = NO;
				DEBUG_INFORMATION_FORMAT = "dwarf-with-dsym";
				ENABLE_NS_ASSERTIONS = NO;
				ENABLE_STRICT_OBJC_MSGSEND = YES;
				GCC_C_LANGUAGE_STANDARD = gnu11;
				GCC_NO_COMMON_BLOCKS = YES;
				GCC_WARN_64_TO_32_BIT_CONVERSION = YES;
				GCC_WARN_ABOUT_RETURN_TYPE = YES_ERROR;
				GCC_WARN_UNDECLARED_SELECTOR = YES;
				GCC_WARN_UNINITIALIZED_AUTOS = YES_AGGRESSIVE;
				GCC_WARN_UNUSED_FUNCTION = YES;
				GCC_WARN_UNUSED_VARIABLE = YES;
				IPHONEOS_DEPLOYMENT_TARGET = 12.1;
				MTL_ENABLE_DEBUG_INFO = NO;
				MTL_FAST_MATH = YES;
				SDKROOT = iphoneos;
				SWIFT_COMPILATION_MODE = wholemodule;
				SWIFT_OPTIMIZATION_LEVEL = "-O";
				VALIDATE_PRODUCT = YES;
			};
			name = Release;
		};
		9DC87C00224F1A1C003DDE9F /* Debug */ = {
			isa = XCBuildConfiguration;
			baseConfigurationReference = 65C6AFC905557FC8ED01778F /* Pods-Shopify.debug.xcconfig */;
			buildSettings = {
				ASSETCATALOG_COMPILER_APPICON_NAME = AppIcon;
				CODE_SIGN_STYLE = Automatic;
				DEVELOPMENT_TEAM = P32V53W8H7;
				INFOPLIST_FILE = Shopify/Info.plist;
				LD_RUNPATH_SEARCH_PATHS = (
					"$(inherited)",
					"@executable_path/Frameworks",
				);
				PRODUCT_BUNDLE_IDENTIFIER = com.ruhsane.Shopify;
				PRODUCT_NAME = "$(TARGET_NAME)";
				SWIFT_VERSION = 4.2;
				TARGETED_DEVICE_FAMILY = "1,2";
			};
			name = Debug;
		};
		9DC87C01224F1A1C003DDE9F /* Release */ = {
			isa = XCBuildConfiguration;
			baseConfigurationReference = DAC1DBEDD91413FBF8D80402 /* Pods-Shopify.release.xcconfig */;
			buildSettings = {
				ASSETCATALOG_COMPILER_APPICON_NAME = AppIcon;
				CODE_SIGN_STYLE = Automatic;
				DEVELOPMENT_TEAM = P32V53W8H7;
				INFOPLIST_FILE = Shopify/Info.plist;
				LD_RUNPATH_SEARCH_PATHS = (
					"$(inherited)",
					"@executable_path/Frameworks",
				);
				PRODUCT_BUNDLE_IDENTIFIER = com.ruhsane.Shopify;
				PRODUCT_NAME = "$(TARGET_NAME)";
				SWIFT_VERSION = 4.2;
				TARGETED_DEVICE_FAMILY = "1,2";
			};
			name = Release;
		};
/* End XCBuildConfiguration section */

/* Begin XCConfigurationList section */
		9DC87BE8224F1A1A003DDE9F /* Build configuration list for PBXProject "Shopify" */ = {
			isa = XCConfigurationList;
			buildConfigurations = (
				9DC87BFD224F1A1C003DDE9F /* Debug */,
				9DC87BFE224F1A1C003DDE9F /* Release */,
			);
			defaultConfigurationIsVisible = 0;
			defaultConfigurationName = Release;
		};
		9DC87BFF224F1A1C003DDE9F /* Build configuration list for PBXNativeTarget "Shopify" */ = {
			isa = XCConfigurationList;
			buildConfigurations = (
				9DC87C00224F1A1C003DDE9F /* Debug */,
				9DC87C01224F1A1C003DDE9F /* Release */,
			);
			defaultConfigurationIsVisible = 0;
			defaultConfigurationName = Release;
		};
/* End XCConfigurationList section */
	};
	rootObject = 9DC87BE5224F1A1A003DDE9F /* Project object */;
}
